
Microsoft Visual Studio Solution File, Format Version 12.00
# Visual Studio Version 16
VisualStudioVersion = 16.0.31105.61
MinimumVisualStudioVersion = 10.0.40219.1
Project("{FAE04EC0-301F-11D3-BF4B-00C04F79EFBC}") = "TicTacToe_Template", "TicTacToe_Template\TicTacToe_Template.csproj", "{F70CBF1E-797A-420F-B632-59170B795C96}"
EndProject
Global
	GlobalSection(SolutionConfigurationPlatforms) = preSolution
		Debug|Any CPU = Debug|Any CPU
		Release|Any CPU = Release|Any CPU
	EndGlobalSection
	GlobalSection(ProjectConfigurationPlatforms) = postSolution
		{F70CBF1E-797A-420F-B632-59170B795C96}.Debug|Any CPU.ActiveCfg = Debug|Any CPU
		{F70CBF1E-797A-420F-B632-59170B795C96}.Debug|Any CPU.Build.0 = Debug|Any CPU
		{F70CBF1E-797A-420F-B632-59170B795C96}.Release|Any CPU.ActiveCfg = Release|Any CPU
		{F70CBF1E-797A-420F-B632-59170B795C96}.Release|Any CPU.Build.0 = Release|Any CPU
	EndGlobalSection
	GlobalSection(SolutionProperties) = preSolution
		HideSolutionNode = FALSE
	EndGlobalSection
	GlobalSection(ExtensibilityGlobals) = postSolution
		SolutionGuid = {8E2D9E4E-3C9C-4882-A7D9-AEEC2828D6C1}
	EndGlobalSection
EndGlobal
